
Microsoft Visual Studio Solution File, Format Version 12.00
# Visual Studio Version 16
VisualStudioVersion = 16.0.31729.503
MinimumVisualStudioVersion = 10.0.40219.1
Project("{FAE04EC0-301F-11D3-BF4B-00C04F79EFBC}") = "ReactLab", "ReactLab\ReactLab.csproj", "{98348531-9408-40BA-9515-184A87211A6C}"
EndProject
Global
	GlobalSection(SolutionConfigurationPlatforms) = preSolution
		Debug|Any CPU = Debug|Any CPU
		Release|Any CPU = Release|Any CPU
	EndGlobalSection
	GlobalSection(ProjectConfigurationPlatforms) = postSolution
		{98348531-9408-40BA-9515-184A87211A6C}.Debug|Any CPU.ActiveCfg = Debug|Any CPU
		{98348531-9408-40BA-9515-184A87211A6C}.Debug|Any CPU.Build.0 = Debug|Any CPU
		{98348531-9408-40BA-9515-184A87211A6C}.Release|Any CPU.ActiveCfg = Release|Any CPU
		{98348531-9408-40BA-9515-184A87211A6C}.Release|Any CPU.Build.0 = Release|Any CPU
	EndGlobalSection
	GlobalSection(SolutionProperties) = preSolution
		HideSolutionNode = FALSE
	EndGlobalSection
	GlobalSection(ExtensibilityGlobals) = postSolution
		SolutionGuid = {FA9C4C2A-E46D-497A-A5DC-BECDE26DD53D}
	EndGlobalSection
EndGlobal
